
Microsoft Visual Studio Solution File, Format Version 12.00
# Visual Studio Version 17
VisualStudioVersion = 17.14.36429.23 d17.14
MinimumVisualStudioVersion = 10.0.40219.1
Project("{FAE04EC0-301F-11D3-BF4B-00C04F79EFBC}") = "Assignment1", "Assignment1.csproj", "{B4D0C1AD-125A-4700-9A66-FB2A3F8ACCE5}"
EndProject
Global
	GlobalSection(SolutionConfigurationPlatforms) = preSolution
		Debug|Any CPU = Debug|Any CPU
		Release|Any CPU = Release|Any CPU
	EndGlobalSection
	GlobalSection(ProjectConfigurationPlatforms) = postSolution
		{B4D0C1AD-125A-4700-9A66-FB2A3F8ACCE5}.Debug|Any CPU.ActiveCfg = Debug|Any CPU
		{B4D0C1AD-125A-4700-9A66-FB2A3F8ACCE5}.Debug|Any CPU.Build.0 = Debug|Any CPU
		{B4D0C1AD-125A-4700-9A66-FB2A3F8ACCE5}.Release|Any CPU.ActiveCfg = Release|Any CPU
		{B4D0C1AD-125A-4700-9A66-FB2A3F8ACCE5}.Release|Any CPU.Build.0 = Release|Any CPU
	EndGlobalSection
	GlobalSection(SolutionProperties) = preSolution
		HideSolutionNode = FALSE
	EndGlobalSection
	GlobalSection(ExtensibilityGlobals) = postSolution
		SolutionGuid = {A7C3E6BD-D1E7-4A59-885C-E73E6B3C0549}
	EndGlobalSection
EndGlobal
