
Microsoft Visual Studio Solution File, Format Version 12.00
# Visual Studio Version 17
VisualStudioVersion = 17.14.36429.23 d17.14
MinimumVisualStudioVersion = 10.0.40219.1
Project("{FAE04EC0-301F-11D3-BF4B-00C04F79EFBC}") = "Model", "Model.csproj", "{8A6244F1-49F7-4DAF-B9A6-6716A305A35E}"
EndProject
Global
	GlobalSection(SolutionConfigurationPlatforms) = preSolution
		Debug|Any CPU = Debug|Any CPU
		Release|Any CPU = Release|Any CPU
	EndGlobalSection
	GlobalSection(ProjectConfigurationPlatforms) = postSolution
		{8A6244F1-49F7-4DAF-B9A6-6716A305A35E}.Debug|Any CPU.ActiveCfg = Debug|Any CPU
		{8A6244F1-49F7-4DAF-B9A6-6716A305A35E}.Debug|Any CPU.Build.0 = Debug|Any CPU
		{8A6244F1-49F7-4DAF-B9A6-6716A305A35E}.Release|Any CPU.ActiveCfg = Release|Any CPU
		{8A6244F1-49F7-4DAF-B9A6-6716A305A35E}.Release|Any CPU.Build.0 = Release|Any CPU
	EndGlobalSection
	GlobalSection(SolutionProperties) = preSolution
		HideSolutionNode = FALSE
	EndGlobalSection
	GlobalSection(ExtensibilityGlobals) = postSolution
		SolutionGuid = {8A8EBFD1-47EE-4343-8993-D05B46375B90}
	EndGlobalSection
EndGlobal
