
Microsoft Visual Studio Solution File, Format Version 12.00
# Visual Studio Version 17
VisualStudioVersion = 17.14.36429.23 d17.14
MinimumVisualStudioVersion = 10.0.40219.1
Project("{FAE04EC0-301F-11D3-BF4B-00C04F79EFBC}") = "BasicAssignment10", "BasicAssignment10.csproj", "{F8F32EA9-8F49-4A8E-B5D1-D116A087C640}"
EndProject
Global
	GlobalSection(SolutionConfigurationPlatforms) = preSolution
		Debug|Any CPU = Debug|Any CPU
		Release|Any CPU = Release|Any CPU
	EndGlobalSection
	GlobalSection(ProjectConfigurationPlatforms) = postSolution
		{F8F32EA9-8F49-4A8E-B5D1-D116A087C640}.Debug|Any CPU.ActiveCfg = Debug|Any CPU
		{F8F32EA9-8F49-4A8E-B5D1-D116A087C640}.Debug|Any CPU.Build.0 = Debug|Any CPU
		{F8F32EA9-8F49-4A8E-B5D1-D116A087C640}.Release|Any CPU.ActiveCfg = Release|Any CPU
		{F8F32EA9-8F49-4A8E-B5D1-D116A087C640}.Release|Any CPU.Build.0 = Release|Any CPU
	EndGlobalSection
	GlobalSection(SolutionProperties) = preSolution
		HideSolutionNode = FALSE
	EndGlobalSection
	GlobalSection(ExtensibilityGlobals) = postSolution
		SolutionGuid = {C7D175EC-E868-4810-A483-5851A10DE167}
	EndGlobalSection
EndGlobal
