
Microsoft Visual Studio Solution File, Format Version 12.00
# Visual Studio Version 17
VisualStudioVersion = 17.14.36429.23 d17.14
MinimumVisualStudioVersion = 10.0.40219.1
Project("{FAE04EC0-301F-11D3-BF4B-00C04F79EFBC}") = "Backend", "Backend.csproj", "{D46C7CDE-BB96-4A74-9DCA-AFB59A38519C}"
EndProject
Project("{FAE04EC0-301F-11D3-BF4B-00C04F79EFBC}") = "Frontend", "..\Frontend\Frontend.csproj", "{2C9E8B36-FBAD-4A3A-9665-9B08F99478A8}"
EndProject
Global
	GlobalSection(SolutionConfigurationPlatforms) = preSolution
		Debug|Any CPU = Debug|Any CPU
		Release|Any CPU = Release|Any CPU
	EndGlobalSection
	GlobalSection(ProjectConfigurationPlatforms) = postSolution
		{D46C7CDE-BB96-4A74-9DCA-AFB59A38519C}.Debug|Any CPU.ActiveCfg = Debug|Any CPU
		{D46C7CDE-BB96-4A74-9DCA-AFB59A38519C}.Debug|Any CPU.Build.0 = Debug|Any CPU
		{D46C7CDE-BB96-4A74-9DCA-AFB59A38519C}.Release|Any CPU.ActiveCfg = Release|Any CPU
		{D46C7CDE-BB96-4A74-9DCA-AFB59A38519C}.Release|Any CPU.Build.0 = Release|Any CPU
		{2C9E8B36-FBAD-4A3A-9665-9B08F99478A8}.Debug|Any CPU.ActiveCfg = Debug|Any CPU
		{2C9E8B36-FBAD-4A3A-9665-9B08F99478A8}.Debug|Any CPU.Build.0 = Debug|Any CPU
		{2C9E8B36-FBAD-4A3A-9665-9B08F99478A8}.Release|Any CPU.ActiveCfg = Release|Any CPU
		{2C9E8B36-FBAD-4A3A-9665-9B08F99478A8}.Release|Any CPU.Build.0 = Release|Any CPU
	EndGlobalSection
	GlobalSection(SolutionProperties) = preSolution
		HideSolutionNode = FALSE
	EndGlobalSection
	GlobalSection(ExtensibilityGlobals) = postSolution
		SolutionGuid = {878F5AF4-82B8-4A6B-B0B7-AC7B6D865366}
	EndGlobalSection
EndGlobal
