
Microsoft Visual Studio Solution File, Format Version 12.00
# Visual Studio Version 17
VisualStudioVersion = 17.14.36429.23
MinimumVisualStudioVersion = 10.0.40219.1
Project("{FAE04EC0-301F-11D3-BF4B-00C04F79EFBC}") = "CollageApp_View", "CollageApp_View.csproj", "{43D08279-62BC-4709-8615-05350B4680B9}"
EndProject
Global
	GlobalSection(SolutionConfigurationPlatforms) = preSolution
		Debug|Any CPU = Debug|Any CPU
		Release|Any CPU = Release|Any CPU
	EndGlobalSection
	GlobalSection(ProjectConfigurationPlatforms) = postSolution
		{43D08279-62BC-4709-8615-05350B4680B9}.Debug|Any CPU.ActiveCfg = Debug|Any CPU
		{43D08279-62BC-4709-8615-05350B4680B9}.Debug|Any CPU.Build.0 = Debug|Any CPU
		{43D08279-62BC-4709-8615-05350B4680B9}.Release|Any CPU.ActiveCfg = Release|Any CPU
		{43D08279-62BC-4709-8615-05350B4680B9}.Release|Any CPU.Build.0 = Release|Any CPU
	EndGlobalSection
	GlobalSection(SolutionProperties) = preSolution
		HideSolutionNode = FALSE
	EndGlobalSection
	GlobalSection(ExtensibilityGlobals) = postSolution
		SolutionGuid = {169BDCE7-E810-4C1C-BC5E-449B461AF477}
	EndGlobalSection
EndGlobal
