
Microsoft Visual Studio Solution File, Format Version 12.00
# Visual Studio Version 17
VisualStudioVersion = 17.14.36429.23
MinimumVisualStudioVersion = 10.0.40219.1
Project("{FAE04EC0-301F-11D3-BF4B-00C04F79EFBC}") = "LINQ", "LINQ.csproj", "{DDFC1A2F-8B8B-4DDA-AE2E-8EEEEFFE5782}"
EndProject
Project("{FAE04EC0-301F-11D3-BF4B-00C04F79EFBC}") = "Assignment1", "..\Assignment\Assignment1\Assignment1.csproj", "{C8FE29BE-1831-4A0D-AC7D-D3AF18EEBEF5}"
EndProject
Global
	GlobalSection(SolutionConfigurationPlatforms) = preSolution
		Debug|Any CPU = Debug|Any CPU
		Release|Any CPU = Release|Any CPU
	EndGlobalSection
	GlobalSection(ProjectConfigurationPlatforms) = postSolution
		{DDFC1A2F-8B8B-4DDA-AE2E-8EEEEFFE5782}.Debug|Any CPU.ActiveCfg = Debug|Any CPU
		{DDFC1A2F-8B8B-4DDA-AE2E-8EEEEFFE5782}.Debug|Any CPU.Build.0 = Debug|Any CPU
		{DDFC1A2F-8B8B-4DDA-AE2E-8EEEEFFE5782}.Release|Any CPU.ActiveCfg = Release|Any CPU
		{DDFC1A2F-8B8B-4DDA-AE2E-8EEEEFFE5782}.Release|Any CPU.Build.0 = Release|Any CPU
		{C8FE29BE-1831-4A0D-AC7D-D3AF18EEBEF5}.Debug|Any CPU.ActiveCfg = Debug|Any CPU
		{C8FE29BE-1831-4A0D-AC7D-D3AF18EEBEF5}.Debug|Any CPU.Build.0 = Debug|Any CPU
		{C8FE29BE-1831-4A0D-AC7D-D3AF18EEBEF5}.Release|Any CPU.ActiveCfg = Release|Any CPU
		{C8FE29BE-1831-4A0D-AC7D-D3AF18EEBEF5}.Release|Any CPU.Build.0 = Release|Any CPU
	EndGlobalSection
	GlobalSection(SolutionProperties) = preSolution
		HideSolutionNode = FALSE
	EndGlobalSection
	GlobalSection(ExtensibilityGlobals) = postSolution
		SolutionGuid = {D9865EC8-81F8-40DF-A938-ACAD9F8767AC}
	EndGlobalSection
EndGlobal
