
Microsoft Visual Studio Solution File, Format Version 12.00
# Visual Studio Version 17
VisualStudioVersion = 17.14.36429.23 d17.14
MinimumVisualStudioVersion = 10.0.40219.1
Project("{FAE04EC0-301F-11D3-BF4B-00C04F79EFBC}") = "Assignment1", "Assignment1.csproj", "{4372D91A-AF5D-41D9-981D-BBA45EC3C932}"
EndProject
Global
	GlobalSection(SolutionConfigurationPlatforms) = preSolution
		Debug|Any CPU = Debug|Any CPU
		Release|Any CPU = Release|Any CPU
	EndGlobalSection
	GlobalSection(ProjectConfigurationPlatforms) = postSolution
		{4372D91A-AF5D-41D9-981D-BBA45EC3C932}.Debug|Any CPU.ActiveCfg = Debug|Any CPU
		{4372D91A-AF5D-41D9-981D-BBA45EC3C932}.Debug|Any CPU.Build.0 = Debug|Any CPU
		{4372D91A-AF5D-41D9-981D-BBA45EC3C932}.Release|Any CPU.ActiveCfg = Release|Any CPU
		{4372D91A-AF5D-41D9-981D-BBA45EC3C932}.Release|Any CPU.Build.0 = Release|Any CPU
	EndGlobalSection
	GlobalSection(SolutionProperties) = preSolution
		HideSolutionNode = FALSE
	EndGlobalSection
	GlobalSection(ExtensibilityGlobals) = postSolution
		SolutionGuid = {60C1BC23-407B-43FB-85C7-E27D485AF455}
	EndGlobalSection
EndGlobal
